// !$*UTF8*$!
{
	archiveVersion = 1;
	classes = {
	};
	objectVersion = 55;
	objects = {

/* Begin PBXBuildFile section */
		8E3CA6A62890F83200F73089 /* Home.swift in Sources */ = {isa = PBXBuildFile; fileRef = 8E3CA6A52890F83200F73089 /* Home.swift */; };
		8EE1708B288E7EFB001AA7F6 /* Nano2_KiranaApp.swift in Sources */ = {isa = PBXBuildFile; fileRef = 8EE1708A288E7EFB001AA7F6 /* Nano2_KiranaApp.swift */; };
		8EE1708D288E7EFB001AA7F6 /* ContentView.swift in Sources */ = {isa = PBXBuildFile; fileRef = 8EE1708C288E7EFB001AA7F6 /* ContentView.swift */; };
		8EE1708F288E7EFF001AA7F6 /* Assets.xcassets in Resources */ = {isa = PBXBuildFile; fileRef = 8EE1708E288E7EFF001AA7F6 /* Assets.xcassets */; };
		8EE17092288E7EFF001AA7F6 /* Preview Assets.xcassets in Resources */ = {isa = PBXBuildFile; fileRef = 8EE17091288E7EFF001AA7F6 /* Preview Assets.xcassets */; };
		8EE17094288E7EFF001AA7F6 /* Persistence.swift in Sources */ = {isa = PBXBuildFile; fileRef = 8EE17093288E7EFF001AA7F6 /* Persistence.swift */; };
		8EE17097288E7EFF001AA7F6 /* Nano2_Kirana.xcdatamodeld in Sources */ = {isa = PBXBuildFile; fileRef = 8EE17095288E7EFF001AA7F6 /* Nano2_Kirana.xcdatamodeld */; };
		8EE170A1288E7EFF001AA7F6 /* Nano2_KiranaTests.swift in Sources */ = {isa = PBXBuildFile; fileRef = 8EE170A0288E7EFF001AA7F6 /* Nano2_KiranaTests.swift */; };
		8EE170AB288E7EFF001AA7F6 /* Nano2_KiranaUITests.swift in Sources */ = {isa = PBXBuildFile; fileRef = 8EE170AA288E7EFF001AA7F6 /* Nano2_KiranaUITests.swift */; };
		8EE170AD288E7EFF001AA7F6 /* Nano2_KiranaUITestsLaunchTests.swift in Sources */ = {isa = PBXBuildFile; fileRef = 8EE170AC288E7EFF001AA7F6 /* Nano2_KiranaUITestsLaunchTests.swift */; };
/* End PBXBuildFile section */

/* Begin PBXContainerItemProxy section */
		8EE1709D288E7EFF001AA7F6 /* PBXContainerItemProxy */ = {
			isa = PBXContainerItemProxy;
			containerPortal = 8EE1707F288E7EFB001AA7F6 /* Project object */;
			proxyType = 1;
			remoteGlobalIDString = 8EE17086288E7EFB001AA7F6;
			remoteInfo = Nano2_Kirana;
		};
		8EE170A7288E7EFF001AA7F6 /* PBXContainerItemProxy */ = {
			isa = PBXContainerItemProxy;
			containerPortal = 8EE1707F288E7EFB001AA7F6 /* Project object */;
			proxyType = 1;
			remoteGlobalIDString = 8EE17086288E7EFB001AA7F6;
			remoteInfo = Nano2_Kirana;
		};
/* End PBXContainerItemProxy section */

/* Begin PBXFileReference section */
		8E3CA6A52890F83200F73089 /* Home.swift */ = {isa = PBXFileReference; lastKnownFileType = sourcecode.swift; path = Home.swift; sourceTree = "<group>"; };
		8EE17087288E7EFB001AA7F6 /* Nano2_Kirana.app */ = {isa = PBXFileReference; explicitFileType = wrapper.application; includeInIndex = 0; path = Nano2_Kirana.app; sourceTree = BUILT_PRODUCTS_DIR; };
		8EE1708A288E7EFB001AA7F6 /* Nano2_KiranaApp.swift */ = {isa = PBXFileReference; lastKnownFileType = sourcecode.swift; path = Nano2_KiranaApp.swift; sourceTree = "<group>"; };
		8EE1708C288E7EFB001AA7F6 /* ContentView.swift */ = {isa = PBXFileReference; lastKnownFileType = sourcecode.swift; path = ContentView.swift; sourceTree = "<group>"; };
		8EE1708E288E7EFF001AA7F6 /* Assets.xcassets */ = {isa = PBXFileReference; lastKnownFileType = folder.assetcatalog; path = Assets.xcassets; sourceTree = "<group>"; };
		8EE17091288E7EFF001AA7F6 /* Preview Assets.xcassets */ = {isa = PBXFileReference; lastKnownFileType = folder.assetcatalog; path = "Preview Assets.xcassets"; sourceTree = "<group>"; };
		8EE17093288E7EFF001AA7F6 /* Persistence.swift */ = {isa = PBXFileReference; lastKnownFileType = sourcecode.swift; path = Persistence.swift; sourceTree = "<group>"; };
		8EE17096288E7EFF001AA7F6 /* Nano2_Kirana.xcdatamodel */ = {isa = PBXFileReference; lastKnownFileType = wrapper.xcdatamodel; path = Nano2_Kirana.xcdatamodel; sourceTree = "<group>"; };
		8EE1709C288E7EFF001AA7F6 /* Nano2_KiranaTests.xctest */ = {isa = PBXFileReference; explicitFileType = wrapper.cfbundle; includeInIndex = 0; path = Nano2_KiranaTests.xctest; sourceTree = BUILT_PRODUCTS_DIR; };
		8EE170A0288E7EFF001AA7F6 /* Nano2_KiranaTests.swift */ = {isa = PBXFileReference; lastKnownFileType = sourcecode.swift; path = Nano2_KiranaTests.swift; sourceTree = "<group>"; };
		8EE170A6288E7EFF001AA7F6 /* Nano2_KiranaUITests.xctest */ = {isa = PBXFileReference; explicitFileType = wrapper.cfbundle; includeInIndex = 0; path = Nano2_KiranaUITests.xctest; sourceTree = BUILT_PRODUCTS_DIR; };
		8EE170AA288E7EFF001AA7F6 /* Nano2_KiranaUITests.swift */ = {isa = PBXFileReference; lastKnownFileType = sourcecode.swift; path = Nano2_KiranaUITests.swift; sourceTree = "<group>"; };
		8EE170AC288E7EFF001AA7F6 /* Nano2_KiranaUITestsLaunchTests.swift */ = {isa = PBXFileReference; lastKnownFileType = sourcecode.swift; path = Nano2_KiranaUITestsLaunchTests.swift; sourceTree = "<group>"; };
/* End PBXFileReference section */

/* Begin PBXFrameworksBuildPhase section */
		8EE17084288E7EFB001AA7F6 /* Frameworks */ = {
			isa = PBXFrameworksBuildPhase;
			buildActionMask = 2147483647;
			files = (
			);
			runOnlyForDeploymentPostprocessing = 0;
		};
		8EE17099288E7EFF001AA7F6 /* Frameworks */ = {
			isa = PBXFrameworksBuildPhase;
			buildActionMask = 2147483647;
			files = (
			);
			runOnlyForDeploymentPostprocessing = 0;
		};
		8EE170A3288E7EFF001AA7F6 /* Frameworks */ = {
			isa = PBXFrameworksBuildPhase;
			buildActionMask = 2147483647;
			files = (
			);
			runOnlyForDeploymentPostprocessing = 0;
		};
/* End PBXFrameworksBuildPhase section */

/* Begin PBXGroup section */
		8E3CA6A42890F7F300F73089 /* View */ = {
			isa = PBXGroup;
			children = (
				8E3CA6A52890F83200F73089 /* Home.swift */,
			);
			path = View;
			sourceTree = "<group>";
		};
		8EE1707E288E7EFB001AA7F6 = {
			isa = PBXGroup;
			children = (
				8EE17089288E7EFB001AA7F6 /* Nano2_Kirana */,
				8EE1709F288E7EFF001AA7F6 /* Nano2_KiranaTests */,
				8EE170A9288E7EFF001AA7F6 /* Nano2_KiranaUITests */,
				8EE17088288E7EFB001AA7F6 /* Products */,
			);
			sourceTree = "<group>";
		};
		8EE17088288E7EFB001AA7F6 /* Products */ = {
			isa = PBXGroup;
			children = (
				8EE17087288E7EFB001AA7F6 /* Nano2_Kirana.app */,
				8EE1709C288E7EFF001AA7F6 /* Nano2_KiranaTests.xctest */,
				8EE170A6288E7EFF001AA7F6 /* Nano2_KiranaUITests.xctest */,
			);
			name = Products;
			sourceTree = "<group>";
		};
		8EE17089288E7EFB001AA7F6 /* Nano2_Kirana */ = {
			isa = PBXGroup;
			children = (
				8E3CA6A42890F7F300F73089 /* View */,
				8EE1708A288E7EFB001AA7F6 /* Nano2_KiranaApp.swift */,
				8EE1708C288E7EFB001AA7F6 /* ContentView.swift */,
				8EE1708E288E7EFF001AA7F6 /* Assets.xcassets */,
				8EE17093288E7EFF001AA7F6 /* Persistence.swift */,
				8EE17095288E7EFF001AA7F6 /* Nano2_Kirana.xcdatamodeld */,
				8EE17090288E7EFF001AA7F6 /* Preview Content */,
			);
			path = Nano2_Kirana;
			sourceTree = "<group>";
		};
		8EE17090288E7EFF001AA7F6 /* Preview Content */ = {
			isa = PBXGroup;
			children = (
				8EE17091288E7EFF001AA7F6 /* Preview Assets.xcassets */,
			);
			path = "Preview Content";
			sourceTree = "<group>";
		};
		8EE1709F288E7EFF001AA7F6 /* Nano2_KiranaTests */ = {
			isa = PBXGroup;
			children = (
				8EE170A0288E7EFF001AA7F6 /* Nano2_KiranaTests.swift */,
			);
			path = Nano2_KiranaTests;
			sourceTree = "<group>";
		};
		8EE170A9288E7EFF001AA7F6 /* Nano2_KiranaUITests */ = {
			isa = PBXGroup;
			children = (
				8EE170AA288E7EFF001AA7F6 /* Nano2_KiranaUITests.swift */,
				8EE170AC288E7EFF001AA7F6 /* Nano2_KiranaUITestsLaunchTests.swift */,
			);
			path = Nano2_KiranaUITests;
			sourceTree = "<group>";
		};
/* End PBXGroup section */

/* Begin PBXNativeTarget section */
		8EE17086288E7EFB001AA7F6 /* Nano2_Kirana */ = {
			isa = PBXNativeTarget;
			buildConfigurationList = 8EE170B0288E7EFF001AA7F6 /* Build configuration list for PBXNativeTarget "Nano2_Kirana" */;
			buildPhases = (
				8EE17083288E7EFB001AA7F6 /* Sources */,
				8EE17084288E7EFB001AA7F6 /* Frameworks */,
				8EE17085288E7EFB001AA7F6 /* Resources */,
			);
			buildRules = (
			);
			dependencies = (
			);
			name = Nano2_Kirana;
			productName = Nano2_Kirana;
			productReference = 8EE17087288E7EFB001AA7F6 /* Nano2_Kirana.app */;
			productType = "com.apple.product-type.application";
		};
		8EE1709B288E7EFF001AA7F6 /* Nano2_KiranaTests */ = {
			isa = PBXNativeTarget;
			buildConfigurationList = 8EE170B3288E7EFF001AA7F6 /* Build configuration list for PBXNativeTarget "Nano2_KiranaTests" */;
			buildPhases = (
				8EE17098288E7EFF001AA7F6 /* Sources */,
				8EE17099288E7EFF001AA7F6 /* Frameworks */,
				8EE1709A288E7EFF001AA7F6 /* Resources */,
			);
			buildRules = (
			);
			dependencies = (
				8EE1709E288E7EFF001AA7F6 /* PBXTargetDependency */,
			);
			name = Nano2_KiranaTests;
			productName = Nano2_KiranaTests;
			productReference = 8EE1709C288E7EFF001AA7F6 /* Nano2_KiranaTests.xctest */;
			productType = "com.apple.product-type.bundle.unit-test";
		};
		8EE170A5288E7EFF001AA7F6 /* Nano2_KiranaUITests */ = {
			isa = PBXNativeTarget;
			buildConfigurationList = 8EE170B6288E7EFF001AA7F6 /* Build configuration list for PBXNativeTarget "Nano2_KiranaUITests" */;
			buildPhases = (
				8EE170A2288E7EFF001AA7F6 /* Sources */,
				8EE170A3288E7EFF001AA7F6 /* Frameworks */,
				8EE170A4288E7EFF001AA7F6 /* Resources */,
			);
			buildRules = (
			);
			dependencies = (
				8EE170A8288E7EFF001AA7F6 /* PBXTargetDependency */,
			);
			name = Nano2_KiranaUITests;
			productName = Nano2_KiranaUITests;
			productReference = 8EE170A6288E7EFF001AA7F6 /* Nano2_KiranaUITests.xctest */;
			productType = "com.apple.product-type.bundle.ui-testing";
		};
/* End PBXNativeTarget section */

/* Begin PBXProject section */
		8EE1707F288E7EFB001AA7F6 /* Project object */ = {
			isa = PBXProject;
			attributes = {
				BuildIndependentTargetsInParallel = 1;
				LastSwiftUpdateCheck = 1330;
				LastUpgradeCheck = 1330;
				TargetAttributes = {
					8EE17086288E7EFB001AA7F6 = {
						CreatedOnToolsVersion = 13.3;
					};
					8EE1709B288E7EFF001AA7F6 = {
						CreatedOnToolsVersion = 13.3;
						TestTargetID = 8EE17086288E7EFB001AA7F6;
					};
					8EE170A5288E7EFF001AA7F6 = {
						CreatedOnToolsVersion = 13.3;
						TestTargetID = 8EE17086288E7EFB001AA7F6;
					};
				};
			};
			buildConfigurationList = 8EE17082288E7EFB001AA7F6 /* Build configuration list for PBXProject "Nano2_Kirana" */;
			compatibilityVersion = "Xcode 13.0";
			developmentRegion = en;
			hasScannedForEncodings = 0;
			knownRegions = (
				en,
				Base,
			);
			mainGroup = 8EE1707E288E7EFB001AA7F6;
			productRefGroup = 8EE17088288E7EFB001AA7F6 /* Products */;
			projectDirPath = "";
			projectRoot = "";
			targets = (
				8EE17086288E7EFB001AA7F6 /* Nano2_Kirana */,
				8EE1709B288E7EFF001AA7F6 /* Nano2_KiranaTests */,
				8EE170A5288E7EFF001AA7F6 /* Nano2_KiranaUITests */,
			);
		};
/* End PBXProject section */

/* Begin PBXResourcesBuildPhase section */
		8EE17085288E7EFB001AA7F6 /* Resources */ = {
			isa = PBXResourcesBuildPhase;
			buildActionMask = 2147483647;
			files = (
				8EE17092288E7EFF001AA7F6 /* Preview Assets.xcassets in Resources */,
				8EE1708F288E7EFF001AA7F6 /* Assets.xcassets in Resources */,
			);
			runOnlyForDeploymentPostprocessing = 0;
		};
		8EE1709A288E7EFF001AA7F6 /* Resources */ = {
			isa = PBXResourcesBuildPhase;
			buildActionMask = 2147483647;
			files = (
			);
			runOnlyForDeploymentPostprocessing = 0;
		};
		8EE170A4288E7EFF001AA7F6 /* Resources */ = {
			isa = PBXResourcesBuildPhase;
			buildActionMask = 2147483647;
			files = (
			);
			runOnlyForDeploymentPostprocessing = 0;
		};
/* End PBXResourcesBuildPhase section */

/* Begin PBXSourcesBuildPhase section */
		8EE17083288E7EFB001AA7F6 /* Sources */ = {
			isa = PBXSourcesBuildPhase;
			buildActionMask = 2147483647;
			files = (
				8EE17097288E7EFF001AA7F6 /* Nano2_Kirana.xcdatamodeld in Sources */,
				8EE17094288E7EFF001AA7F6 /* Persistence.swift in Sources */,
				8E3CA6A62890F83200F73089 /* Home.swift in Sources */,
				8EE1708D288E7EFB001AA7F6 /* ContentView.swift in Sources */,
				8EE1708B288E7EFB001AA7F6 /* Nano2_KiranaApp.swift in Sources */,
			);
			runOnlyForDeploymentPostprocessing = 0;
		};
		8EE17098288E7EFF001AA7F6 /* Sources */ = {
			isa = PBXSourcesBuildPhase;
			buildActionMask = 2147483647;
			files = (
				8EE170A1288E7EFF001AA7F6 /* Nano2_KiranaTests.swift in Sources */,
			);
			runOnlyForDeploymentPostprocessing = 0;
		};
		8EE170A2288E7EFF001AA7F6 /* Sources */ = {
			isa = PBXSourcesBuildPhase;
			buildActionMask = 2147483647;
			files = (
				8EE170AB288E7EFF001AA7F6 /* Nano2_KiranaUITests.swift in Sources */,
				8EE170AD288E7EFF001AA7F6 /* Nano2_KiranaUITestsLaunchTests.swift in Sources */,
			);
			runOnlyForDeploymentPostprocessing = 0;
		};
/* End PBXSourcesBuildPhase section */

/* Begin PBXTargetDependency section */
		8EE1709E288E7EFF001AA7F6 /* PBXTargetDependency */ = {
			isa = PBXTargetDependency;
			target = 8EE17086288E7EFB001AA7F6 /* Nano2_Kirana */;
			targetProxy = 8EE1709D288E7EFF001AA7F6 /* PBXContainerItemProxy */;
		};
		8EE170A8288E7EFF001AA7F6 /* PBXTargetDependency */ = {
			isa = PBXTargetDependency;
			target = 8EE17086288E7EFB001AA7F6 /* Nano2_Kirana */;
			targetProxy = 8EE170A7288E7EFF001AA7F6 /* PBXContainerItemProxy */;
		};
/* End PBXTargetDependency section */

/* Begin XCBuildConfiguration section */
		8EE170AE288E7EFF001AA7F6 /* Debug */ = {
			isa = XCBuildConfiguration;
			buildSettings = {
				ALWAYS_SEARCH_USER_PATHS = NO;
				CLANG_ANALYZER_NONNULL = YES;
				CLANG_ANALYZER_NUMBER_OBJECT_CONVERSION = YES_AGGRESSIVE;
				CLANG_CXX_LANGUAGE_STANDARD = "gnu++17";
				CLANG_ENABLE_MODULES = YES;
				CLANG_ENABLE_OBJC_ARC = YES;
				CLANG_ENABLE_OBJC_WEAK = YES;
				CLANG_WARN_BLOCK_CAPTURE_AUTORELEASING = YES;
				CLANG_WARN_BOOL_CONVERSION = YES;
				CLANG_WARN_COMMA = YES;
				CLANG_WARN_CONSTANT_CONVERSION = YES;
				CLANG_WARN_DEPRECATED_OBJC_IMPLEMENTATIONS = YES;
				CLANG_WARN_DIRECT_OBJC_ISA_USAGE = YES_ERROR;
				CLANG_WARN_DOCUMENTATION_COMMENTS = YES;
				CLANG_WARN_EMPTY_BODY = YES;
				CLANG_WARN_ENUM_CONVERSION = YES;
				CLANG_WARN_INFINITE_RECURSION = YES;
				CLANG_WARN_INT_CONVERSION = YES;
				CLANG_WARN_NON_LITERAL_NULL_CONVERSION = YES;
				CLANG_WARN_OBJC_IMPLICIT_RETAIN_SELF = YES;
				CLANG_WARN_OBJC_LITERAL_CONVERSION = YES;
				CLANG_WARN_OBJC_ROOT_CLASS = YES_ERROR;
				CLANG_WARN_QUOTED_INCLUDE_IN_FRAMEWORK_HEADER = YES;
				CLANG_WARN_RANGE_LOOP_ANALYSIS = YES;
				CLANG_WARN_STRICT_PROTOTYPES = YES;
				CLANG_WARN_SUSPICIOUS_MOVE = YES;
				CLANG_WARN_UNGUARDED_AVAILABILITY = YES_AGGRESSIVE;
				CLANG_WARN_UNREACHABLE_CODE = YES;
				CLANG_WARN__DUPLICATE_METHOD_MATCH = YES;
				COPY_PHASE_STRIP = NO;
				DEBUG_INFORMATION_FORMAT = dwarf;
				ENABLE_STRICT_OBJC_MSGSEND = YES;
				ENABLE_TESTABILITY = YES;
				GCC_C_LANGUAGE_STANDARD = gnu11;
				GCC_DYNAMIC_NO_PIC = NO;
				GCC_NO_COMMON_BLOCKS = YES;
				GCC_OPTIMIZATION_LEVEL = 0;
				GCC_PREPROCESSOR_DEFINITIONS = (
					"DEBUG=1",
					"$(inherited)",
				);
				GCC_WARN_64_TO_32_BIT_CONVERSION = YES;
				GCC_WARN_ABOUT_RETURN_TYPE = YES_ERROR;
				GCC_WARN_UNDECLARED_SELECTOR = YES;
				GCC_WARN_UNINITIALIZED_AUTOS = YES_AGGRESSIVE;
				GCC_WARN_UNUSED_FUNCTION = YES;
				GCC_WARN_UNUSED_VARIABLE = YES;
				IPHONEOS_DEPLOYMENT_TARGET = 15.4;
				MTL_ENABLE_DEBUG_INFO = INCLUDE_SOURCE;
				MTL_FAST_MATH = YES;
				ONLY_ACTIVE_ARCH = YES;
				SDKROOT = iphoneos;
				SWIFT_ACTIVE_COMPILATION_CONDITIONS = DEBUG;
				SWIFT_OPTIMIZATION_LEVEL = "-Onone";
			};
			name = Debug;
		};
		8EE170AF288E7EFF001AA7F6 /* Release */ = {
			isa = XCBuildConfiguration;
			buildSettings = {
				ALWAYS_SEARCH_USER_PATHS = NO;
				CLANG_ANALYZER_NONNULL = YES;
				CLANG_ANALYZER_NUMBER_OBJECT_CONVERSION = YES_AGGRESSIVE;
				CLANG_CXX_LANGUAGE_STANDARD = "gnu++17";
				CLANG_ENABLE_MODULES = YES;
				CLANG_ENABLE_OBJC_ARC = YES;
				CLANG_ENABLE_OBJC_WEAK = YES;
				CLANG_WARN_BLOCK_CAPTURE_AUTORELEASING = YES;
				CLANG_WARN_BOOL_CONVERSION = YES;
				CLANG_WARN_COMMA = YES;
				CLANG_WARN_CONSTANT_CONVERSION = YES;
				CLANG_WARN_DEPRECATED_OBJC_IMPLEMENTATIONS = YES;
				CLANG_WARN_DIRECT_OBJC_ISA_USAGE = YES_ERROR;
				CLANG_WARN_DOCUMENTATION_COMMENTS = YES;
				CLANG_WARN_EMPTY_BODY = YES;
				CLANG_WARN_ENUM_CONVERSION = YES;
				CLANG_WARN_INFINITE_RECURSION = YES;
				CLANG_WARN_INT_CONVERSION = YES;
				CLANG_WARN_NON_LITERAL_NULL_CONVERSION = YES;
				CLANG_WARN_OBJC_IMPLICIT_RETAIN_SELF = YES;
				CLANG_WARN_OBJC_LITERAL_CONVERSION = YES;
				CLANG_WARN_OBJC_ROOT_CLASS = YES_ERROR;
				CLANG_WARN_QUOTED_INCLUDE_IN_FRAMEWORK_HEADER = YES;
				CLANG_WARN_RANGE_LOOP_ANALYSIS = YES;
				CLANG_WARN_STRICT_PROTOTYPES = YES;
				CLANG_WARN_SUSPICIOUS_MOVE = YES;
				CLANG_WARN_UNGUARDED_AVAILABILITY = YES_AGGRESSIVE;
				CLANG_WARN_UNREACHABLE_CODE = YES;
				CLANG_WARN__DUPLICATE_METHOD_MATCH = YES;
				COPY_PHASE_STRIP = NO;
				DEBUG_INFORMATION_FORMAT = "dwarf-with-dsym";
				ENABLE_NS_ASSERTIONS = NO;
				ENABLE_STRICT_OBJC_MSGSEND = YES;
				GCC_C_LANGUAGE_STANDARD = gnu11;
				GCC_NO_COMMON_BLOCKS = YES;
				GCC_WARN_64_TO_32_BIT_CONVERSION = YES;
				GCC_WARN_ABOUT_RETURN_TYPE = YES_ERROR;
				GCC_WARN_UNDECLARED_SELECTOR = YES;
				GCC_WARN_UNINITIALIZED_AUTOS = YES_AGGRESSIVE;
				GCC_WARN_UNUSED_FUNCTION = YES;
				GCC_WARN_UNUSED_VARIABLE = YES;
				IPHONEOS_DEPLOYMENT_TARGET = 15.4;
				MTL_ENABLE_DEBUG_INFO = NO;
				MTL_FAST_MATH = YES;
				SDKROOT = iphoneos;
				SWIFT_COMPILATION_MODE = wholemodule;
				SWIFT_OPTIMIZATION_LEVEL = "-O";
				VALIDATE_PRODUCT = YES;
			};
			name = Release;
		};
		8EE170B1288E7EFF001AA7F6 /* Debug */ = {
			isa = XCBuildConfiguration;
			buildSettings = {
				ASSETCATALOG_COMPILER_APPICON_NAME = AppIcon;
				ASSETCATALOG_COMPILER_GLOBAL_ACCENT_COLOR_NAME = AccentColor;
				CODE_SIGN_STYLE = Automatic;
				CURRENT_PROJECT_VERSION = 1;
				DEVELOPMENT_ASSET_PATHS = "\"Nano2_Kirana/Preview Content\"";
				DEVELOPMENT_TEAM = 2N4S36273F;
				ENABLE_PREVIEWS = YES;
				GENERATE_INFOPLIST_FILE = YES;
				INFOPLIST_KEY_UIApplicationSceneManifest_Generation = YES;
				INFOPLIST_KEY_UIApplicationSupportsIndirectInputEvents = YES;
				INFOPLIST_KEY_UILaunchScreen_Generation = YES;
				INFOPLIST_KEY_UISupportedInterfaceOrientations_iPad = "UIInterfaceOrientationPortrait UIInterfaceOrientationPortraitUpsideDown UIInterfaceOrientationLandscapeLeft UIInterfaceOrientationLandscapeRight";
				INFOPLIST_KEY_UISupportedInterfaceOrientations_iPhone = "UIInterfaceOrientationPortrait UIInterfaceOrientationLandscapeLeft UIInterfaceOrientationLandscapeRight";
				LD_RUNPATH_SEARCH_PATHS = (
					"$(inherited)",
					"@executable_path/Frameworks",
				);
				MARKETING_VERSION = 1.0;
				PRODUCT_BUNDLE_IDENTIFIER = "com.AppleDeveloperAcademyBinus.Nano2-Kirana";
				PRODUCT_NAME = "$(TARGET_NAME)";
				SWIFT_EMIT_LOC_STRINGS = YES;
				SWIFT_VERSION = 5.0;
				TARGETED_DEVICE_FAMILY = "1,2";
			};
			name = Debug;
		};
		8EE170B2288E7EFF001AA7F6 /* Release */ = {
			isa = XCBuildConfiguration;
			buildSettings = {
				ASSETCATALOG_COMPILER_APPICON_NAME = AppIcon;
				ASSETCATALOG_COMPILER_GLOBAL_ACCENT_COLOR_NAME = AccentColor;
				CODE_SIGN_STYLE = Automatic;
				CURRENT_PROJECT_VERSION = 1;
				DEVELOPMENT_ASSET_PATHS = "\"Nano2_Kirana/Preview Content\"";
				DEVELOPMENT_TEAM = 2N4S36273F;
				ENABLE_PREVIEWS = YES;
				GENERATE_INFOPLIST_FILE = YES;
				INFOPLIST_KEY_UIApplicationSceneManifest_Generation = YES;
				INFOPLIST_KEY_UIApplicationSupportsIndirectInputEvents = YES;
				INFOPLIST_KEY_UILaunchScreen_Generation = YES;
				INFOPLIST_KEY_UISupportedInterfaceOrientations_iPad = "UIInterfaceOrientationPortrait UIInterfaceOrientationPortraitUpsideDown UIInterfaceOrientationLandscapeLeft UIInterfaceOrientationLandscapeRight";
				INFOPLIST_KEY_UISupportedInterfaceOrientations_iPhone = "UIInterfaceOrientationPortrait UIInterfaceOrientationLandscapeLeft UIInterfaceOrientationLandscapeRight";
				LD_RUNPATH_SEARCH_PATHS = (
					"$(inherited)",
					"@executable_path/Frameworks",
				);
				MARKETING_VERSION = 1.0;
				PRODUCT_BUNDLE_IDENTIFIER = "com.AppleDeveloperAcademyBinus.Nano2-Kirana";
				PRODUCT_NAME = "$(TARGET_NAME)";
				SWIFT_EMIT_LOC_STRINGS = YES;
				SWIFT_VERSION = 5.0;
				TARGETED_DEVICE_FAMILY = "1,2";
			};
			name = Release;
		};
		8EE170B4288E7EFF001AA7F6 /* Debug */ = {
			isa = XCBuildConfiguration;
			buildSettings = {
				ALWAYS_EMBED_SWIFT_STANDARD_LIBRARIES = YES;
				BUNDLE_LOADER = "$(TEST_HOST)";
				CODE_SIGN_STYLE = Automatic;
				CURRENT_PROJECT_VERSION = 1;
				DEVELOPMENT_TEAM = 2N4S36273F;
				GENERATE_INFOPLIST_FILE = YES;
				IPHONEOS_DEPLOYMENT_TARGET = 15.4;
				MARKETING_VERSION = 1.0;
				PRODUCT_BUNDLE_IDENTIFIER = "com.AppleDeveloperAcademyBinus.Nano2-KiranaTests";
				PRODUCT_NAME = "$(TARGET_NAME)";
				SWIFT_EMIT_LOC_STRINGS = NO;
				SWIFT_VERSION = 5.0;
				TARGETED_DEVICE_FAMILY = "1,2";
				TEST_HOST = "$(BUILT_PRODUCTS_DIR)/Nano2_Kirana.app/Nano2_Kirana";
			};
			name = Debug;
		};
		8EE170B5288E7EFF001AA7F6 /* Release */ = {
			isa = XCBuildConfiguration;
			buildSettings = {
				ALWAYS_EMBED_SWIFT_STANDARD_LIBRARIES = YES;
				BUNDLE_LOADER = "$(TEST_HOST)";
				CODE_SIGN_STYLE = Automatic;
				CURRENT_PROJECT_VERSION = 1;
				DEVELOPMENT_TEAM = 2N4S36273F;
				GENERATE_INFOPLIST_FILE = YES;
				IPHONEOS_DEPLOYMENT_TARGET = 15.4;
				MARKETING_VERSION = 1.0;
				PRODUCT_BUNDLE_IDENTIFIER = "com.AppleDeveloperAcademyBinus.Nano2-KiranaTests";
				PRODUCT_NAME = "$(TARGET_NAME)";
				SWIFT_EMIT_LOC_STRINGS = NO;
				SWIFT_VERSION = 5.0;
				TARGETED_DEVICE_FAMILY = "1,2";
				TEST_HOST = "$(BUILT_PRODUCTS_DIR)/Nano2_Kirana.app/Nano2_Kirana";
			};
			name = Release;
		};
		8EE170B7288E7EFF001AA7F6 /* Debug */ = {
			isa = XCBuildConfiguration;
			buildSettings = {
				ALWAYS_EMBED_SWIFT_STANDARD_LIBRARIES = YES;
				CODE_SIGN_STYLE = Automatic;
				CURRENT_PROJECT_VERSION = 1;
				DEVELOPMENT_TEAM = 2N4S36273F;
				GENERATE_INFOPLIST_FILE = YES;
				MARKETING_VERSION = 1.0;
				PRODUCT_BUNDLE_IDENTIFIER = "com.AppleDeveloperAcademyBinus.Nano2-KiranaUITests";
				PRODUCT_NAME = "$(TARGET_NAME)";
				SWIFT_EMIT_LOC_STRINGS = NO;
				SWIFT_VERSION = 5.0;
				TARGETED_DEVICE_FAMILY = "1,2";
				TEST_TARGET_NAME = Nano2_Kirana;
			};
			name = Debug;
		};
		8EE170B8288E7EFF001AA7F6 /* Release */ = {
			isa = XCBuildConfiguration;
			buildSettings = {
				ALWAYS_EMBED_SWIFT_STANDARD_LIBRARIES = YES;
				CODE_SIGN_STYLE = Automatic;
				CURRENT_PROJECT_VERSION = 1;
				DEVELOPMENT_TEAM = 2N4S36273F;
				GENERATE_INFOPLIST_FILE = YES;
				MARKETING_VERSION = 1.0;
				PRODUCT_BUNDLE_IDENTIFIER = "com.AppleDeveloperAcademyBinus.Nano2-KiranaUITests";
				PRODUCT_NAME = "$(TARGET_NAME)";
				SWIFT_EMIT_LOC_STRINGS = NO;
				SWIFT_VERSION = 5.0;
				TARGETED_DEVICE_FAMILY = "1,2";
				TEST_TARGET_NAME = Nano2_Kirana;
			};
			name = Release;
		};
/* End XCBuildConfiguration section */

/* Begin XCConfigurationList section */
		8EE17082288E7EFB001AA7F6 /* Build configuration list for PBXProject "Nano2_Kirana" */ = {
			isa = XCConfigurationList;
			buildConfigurations = (
				8EE170AE288E7EFF001AA7F6 /* Debug */,
				8EE170AF288E7EFF001AA7F6 /* Release */,
			);
			defaultConfigurationIsVisible = 0;
			defaultConfigurationName = Release;
		};
		8EE170B0288E7EFF001AA7F6 /* Build configuration list for PBXNativeTarget "Nano2_Kirana" */ = {
			isa = XCConfigurationList;
			buildConfigurations = (
				8EE170B1288E7EFF001AA7F6 /* Debug */,
				8EE170B2288E7EFF001AA7F6 /* Release */,
			);
			defaultConfigurationIsVisible = 0;
			defaultConfigurationName = Release;
		};
		8EE170B3288E7EFF001AA7F6 /* Build configuration list for PBXNativeTarget "Nano2_KiranaTests" */ = {
			isa = XCConfigurationList;
			buildConfigurations = (
				8EE170B4288E7EFF001AA7F6 /* Debug */,
				8EE170B5288E7EFF001AA7F6 /* Release */,
			);
			defaultConfigurationIsVisible = 0;
			defaultConfigurationName = Release;
		};
		8EE170B6288E7EFF001AA7F6 /* Build configuration list for PBXNativeTarget "Nano2_KiranaUITests" */ = {
			isa = XCConfigurationList;
			buildConfigurations = (
				8EE170B7288E7EFF001AA7F6 /* Debug */,
				8EE170B8288E7EFF001AA7F6 /* Release */,
			);
			defaultConfigurationIsVisible = 0;
			defaultConfigurationName = Release;
		};
/* End XCConfigurationList section */

/* Begin XCVersionGroup section */
		8EE17095288E7EFF001AA7F6 /* Nano2_Kirana.xcdatamodeld */ = {
			isa = XCVersionGroup;
			children = (
				8EE17096288E7EFF001AA7F6 /* Nano2_Kirana.xcdatamodel */,
			);
			currentVersion = 8EE17096288E7EFF001AA7F6 /* Nano2_Kirana.xcdatamodel */;
			path = Nano2_Kirana.xcdatamodeld;
			sourceTree = "<group>";
			versionGroupType = wrapper.xcdatamodel;
		};
/* End XCVersionGroup section */
	};
	rootObject = 8EE1707F288E7EFB001AA7F6 /* Project object */;
}
